
Microsoft Visual Studio Solution File, Format Version 12.00
# Visual Studio Version 17
VisualStudioVersion = 17.3.32929.385
MinimumVisualStudioVersion = 10.0.40219.1
Project("{FAE04EC0-301F-11D3-BF4B-00C04F79EFBC}") = "CrudOperations.Entities", "CrudOperations.Entities\CrudOperations.Entities.csproj", "{DCAC4797-93B9-4C18-A368-EFC1C94F513F}"
EndProject
Project("{FAE04EC0-301F-11D3-BF4B-00C04F79EFBC}") = "CrudOperations.DataAccess", "CrudOperations.DataAccess\CrudOperations.DataAccess.csproj", "{D6C44873-2292-447E-B8A0-AEF21B0D4DC4}"
EndProject
Project("{FAE04EC0-301F-11D3-BF4B-00C04F79EFBC}") = "CrudOperations.Business", "CrudOperations.Business\CrudOperations.Business.csproj", "{8D711CBE-A6A6-4BBE-AB3B-917316FFEB8B}"
EndProject
Project("{FAE04EC0-301F-11D3-BF4B-00C04F79EFBC}") = "CrudOperations.API", "CrudOperations.API\CrudOperations.API.csproj", "{14C23871-5ABC-4394-8689-A39D4F2B699B}"
EndProject
Global
	GlobalSection(SolutionConfigurationPlatforms) = preSolution
		Debug|Any CPU = Debug|Any CPU
		Release|Any CPU = Release|Any CPU
	EndGlobalSection
	GlobalSection(ProjectConfigurationPlatforms) = postSolution
		{DCAC4797-93B9-4C18-A368-EFC1C94F513F}.Debug|Any CPU.ActiveCfg = Debug|Any CPU
		{DCAC4797-93B9-4C18-A368-EFC1C94F513F}.Debug|Any CPU.Build.0 = Debug|Any CPU
		{DCAC4797-93B9-4C18-A368-EFC1C94F513F}.Release|Any CPU.ActiveCfg = Release|Any CPU
		{DCAC4797-93B9-4C18-A368-EFC1C94F513F}.Release|Any CPU.Build.0 = Release|Any CPU
		{D6C44873-2292-447E-B8A0-AEF21B0D4DC4}.Debug|Any CPU.ActiveCfg = Debug|Any CPU
		{D6C44873-2292-447E-B8A0-AEF21B0D4DC4}.Debug|Any CPU.Build.0 = Debug|Any CPU
		{D6C44873-2292-447E-B8A0-AEF21B0D4DC4}.Release|Any CPU.ActiveCfg = Release|Any CPU
		{D6C44873-2292-447E-B8A0-AEF21B0D4DC4}.Release|Any CPU.Build.0 = Release|Any CPU
		{8D711CBE-A6A6-4BBE-AB3B-917316FFEB8B}.Debug|Any CPU.ActiveCfg = Debug|Any CPU
		{8D711CBE-A6A6-4BBE-AB3B-917316FFEB8B}.Debug|Any CPU.Build.0 = Debug|Any CPU
		{8D711CBE-A6A6-4BBE-AB3B-917316FFEB8B}.Release|Any CPU.ActiveCfg = Release|Any CPU
		{8D711CBE-A6A6-4BBE-AB3B-917316FFEB8B}.Release|Any CPU.Build.0 = Release|Any CPU
		{14C23871-5ABC-4394-8689-A39D4F2B699B}.Debug|Any CPU.ActiveCfg = Debug|Any CPU
		{14C23871-5ABC-4394-8689-A39D4F2B699B}.Debug|Any CPU.Build.0 = Debug|Any CPU
		{14C23871-5ABC-4394-8689-A39D4F2B699B}.Release|Any CPU.ActiveCfg = Release|Any CPU
		{14C23871-5ABC-4394-8689-A39D4F2B699B}.Release|Any CPU.Build.0 = Release|Any CPU
	EndGlobalSection
	GlobalSection(SolutionProperties) = preSolution
		HideSolutionNode = FALSE
	EndGlobalSection
	GlobalSection(ExtensibilityGlobals) = postSolution
		SolutionGuid = {269ADD74-466C-451A-9E65-EB9C16419629}
	EndGlobalSection
EndGlobal
